
Microsoft Visual Studio Solution File, Format Version 12.00
# Visual Studio Version 16
VisualStudioVersion = 16.0.31313.79
MinimumVisualStudioVersion = 10.0.40219.1
Project("{FAE04EC0-301F-11D3-BF4B-00C04F79EFBC}") = "Arac_Kullanimlari2", "Arac_Kullanimlari2\Arac_Kullanimlari2.csproj", "{6EC2847B-796A-4A97-B7A6-31AE5A2F1F74}"
EndProject
Global
	GlobalSection(SolutionConfigurationPlatforms) = preSolution
		Debug|Any CPU = Debug|Any CPU
		Release|Any CPU = Release|Any CPU
	EndGlobalSection
	GlobalSection(ProjectConfigurationPlatforms) = postSolution
		{6EC2847B-796A-4A97-B7A6-31AE5A2F1F74}.Debug|Any CPU.ActiveCfg = Debug|Any CPU
		{6EC2847B-796A-4A97-B7A6-31AE5A2F1F74}.Debug|Any CPU.Build.0 = Debug|Any CPU
		{6EC2847B-796A-4A97-B7A6-31AE5A2F1F74}.Release|Any CPU.ActiveCfg = Release|Any CPU
		{6EC2847B-796A-4A97-B7A6-31AE5A2F1F74}.Release|Any CPU.Build.0 = Release|Any CPU
	EndGlobalSection
	GlobalSection(SolutionProperties) = preSolution
		HideSolutionNode = FALSE
	EndGlobalSection
	GlobalSection(ExtensibilityGlobals) = postSolution
		SolutionGuid = {E3B9EDC8-AEA1-429C-8D68-E73830B146B4}
	EndGlobalSection
EndGlobal
